// !$*UTF8*$!
{
	archiveVersion = 1;
	classes = {
	};
	objectVersion = 56;
	objects = {

/* Begin PBXBuildFile section */
		18CD615729CC36D500E06CF6 /* AppDelegate.swift in Sources */ = {isa = PBXBuildFile; fileRef = 18CD615629CC36D500E06CF6 /* AppDelegate.swift */; };
		18CD615929CC36D500E06CF6 /* SceneDelegate.swift in Sources */ = {isa = PBXBuildFile; fileRef = 18CD615829CC36D500E06CF6 /* SceneDelegate.swift */; };
		18CD615B29CC36D500E06CF6 /* ViewController.swift in Sources */ = {isa = PBXBuildFile; fileRef = 18CD615A29CC36D500E06CF6 /* ViewController.swift */; };
		18CD615E29CC36D500E06CF6 /* Main.storyboard in Resources */ = {isa = PBXBuildFile; fileRef = 18CD615C29CC36D500E06CF6 /* Main.storyboard */; };
		18CD616029CC36D600E06CF6 /* Assets.xcassets in Resources */ = {isa = PBXBuildFile; fileRef = 18CD615F29CC36D600E06CF6 /* Assets.xcassets */; };
		18CD616329CC36D600E06CF6 /* LaunchScreen.storyboard in Resources */ = {isa = PBXBuildFile; fileRef = 18CD616129CC36D600E06CF6 /* LaunchScreen.storyboard */; };
		18CD616E29CC36D700E06CF6 /* NewProjectInfoTests.swift in Sources */ = {isa = PBXBuildFile; fileRef = 18CD616D29CC36D700E06CF6 /* NewProjectInfoTests.swift */; };
		18CD617829CC36D700E06CF6 /* NewProjectInfoUITests.swift in Sources */ = {isa = PBXBuildFile; fileRef = 18CD617729CC36D700E06CF6 /* NewProjectInfoUITests.swift */; };
		18CD617A29CC36D700E06CF6 /* NewProjectInfoUITestsLaunchTests.swift in Sources */ = {isa = PBXBuildFile; fileRef = 18CD617929CC36D700E06CF6 /* NewProjectInfoUITestsLaunchTests.swift */; };
		18CD618729CC383200E06CF6 /* Dashboard.storyboard in Resources */ = {isa = PBXBuildFile; fileRef = 18CD618629CC383200E06CF6 /* Dashboard.storyboard */; };
		18CD618A29CC3CD700E06CF6 /* HomeScreenVC.swift in Sources */ = {isa = PBXBuildFile; fileRef = 18CD618929CC3CD700E06CF6 /* HomeScreenVC.swift */; };
		18CD618C29CC3D2600E06CF6 /* FirstScreenVC.swift in Sources */ = {isa = PBXBuildFile; fileRef = 18CD618B29CC3D2600E06CF6 /* FirstScreenVC.swift */; };
		18CD618E29CC3D3900E06CF6 /* SecondScreenVC.swift in Sources */ = {isa = PBXBuildFile; fileRef = 18CD618D29CC3D3900E06CF6 /* SecondScreenVC.swift */; };
		18CD619029CC51EB00E06CF6 /* ThirdScreenVC.swift in Sources */ = {isa = PBXBuildFile; fileRef = 18CD618F29CC51EB00E06CF6 /* ThirdScreenVC.swift */; };
/* End PBXBuildFile section */

/* Begin PBXContainerItemProxy section */
		18CD616A29CC36D700E06CF6 /* PBXContainerItemProxy */ = {
			isa = PBXContainerItemProxy;
			containerPortal = 18CD614B29CC36D400E06CF6 /* Project object */;
			proxyType = 1;
			remoteGlobalIDString = 18CD615229CC36D500E06CF6;
			remoteInfo = NewProjectInfo;
		};
		18CD617429CC36D700E06CF6 /* PBXContainerItemProxy */ = {
			isa = PBXContainerItemProxy;
			containerPortal = 18CD614B29CC36D400E06CF6 /* Project object */;
			proxyType = 1;
			remoteGlobalIDString = 18CD615229CC36D500E06CF6;
			remoteInfo = NewProjectInfo;
		};
/* End PBXContainerItemProxy section */

/* Begin PBXFileReference section */
		18CD615329CC36D500E06CF6 /* NewProjectInfo.app */ = {isa = PBXFileReference; explicitFileType = wrapper.application; includeInIndex = 0; path = NewProjectInfo.app; sourceTree = BUILT_PRODUCTS_DIR; };
		18CD615629CC36D500E06CF6 /* AppDelegate.swift */ = {isa = PBXFileReference; lastKnownFileType = sourcecode.swift; path = AppDelegate.swift; sourceTree = "<group>"; };
		18CD615829CC36D500E06CF6 /* SceneDelegate.swift */ = {isa = PBXFileReference; lastKnownFileType = sourcecode.swift; path = SceneDelegate.swift; sourceTree = "<group>"; };
		18CD615A29CC36D500E06CF6 /* ViewController.swift */ = {isa = PBXFileReference; lastKnownFileType = sourcecode.swift; path = ViewController.swift; sourceTree = "<group>"; };
		18CD615D29CC36D500E06CF6 /* Base */ = {isa = PBXFileReference; lastKnownFileType = file.storyboard; name = Base; path = Base.lproj/Main.storyboard; sourceTree = "<group>"; };
		18CD615F29CC36D600E06CF6 /* Assets.xcassets */ = {isa = PBXFileReference; lastKnownFileType = folder.assetcatalog; path = Assets.xcassets; sourceTree = "<group>"; };
		18CD616229CC36D600E06CF6 /* Base */ = {isa = PBXFileReference; lastKnownFileType = file.storyboard; name = Base; path = Base.lproj/LaunchScreen.storyboard; sourceTree = "<group>"; };
		18CD616429CC36D600E06CF6 /* Info.plist */ = {isa = PBXFileReference; lastKnownFileType = text.plist.xml; path = Info.plist; sourceTree = "<group>"; };
		18CD616929CC36D700E06CF6 /* NewProjectInfoTests.xctest */ = {isa = PBXFileReference; explicitFileType = wrapper.cfbundle; includeInIndex = 0; path = NewProjectInfoTests.xctest; sourceTree = BUILT_PRODUCTS_DIR; };
		18CD616D29CC36D700E06CF6 /* NewProjectInfoTests.swift */ = {isa = PBXFileReference; lastKnownFileType = sourcecode.swift; path = NewProjectInfoTests.swift; sourceTree = "<group>"; };
		18CD617329CC36D700E06CF6 /* NewProjectInfoUITests.xctest */ = {isa = PBXFileReference; explicitFileType = wrapper.cfbundle; includeInIndex = 0; path = NewProjectInfoUITests.xctest; sourceTree = BUILT_PRODUCTS_DIR; };
		18CD617729CC36D700E06CF6 /* NewProjectInfoUITests.swift */ = {isa = PBXFileReference; lastKnownFileType = sourcecode.swift; path = NewProjectInfoUITests.swift; sourceTree = "<group>"; };
		18CD617929CC36D700E06CF6 /* NewProjectInfoUITestsLaunchTests.swift */ = {isa = PBXFileReference; lastKnownFileType = sourcecode.swift; path = NewProjectInfoUITestsLaunchTests.swift; sourceTree = "<group>"; };
		18CD618629CC383200E06CF6 /* Dashboard.storyboard */ = {isa = PBXFileReference; lastKnownFileType = file.storyboard; path = Dashboard.storyboard; sourceTree = "<group>"; };
		18CD618929CC3CD700E06CF6 /* HomeScreenVC.swift */ = {isa = PBXFileReference; lastKnownFileType = sourcecode.swift; path = HomeScreenVC.swift; sourceTree = "<group>"; };
		18CD618B29CC3D2600E06CF6 /* FirstScreenVC.swift */ = {isa = PBXFileReference; lastKnownFileType = sourcecode.swift; path = FirstScreenVC.swift; sourceTree = "<group>"; };
		18CD618D29CC3D3900E06CF6 /* SecondScreenVC.swift */ = {isa = PBXFileReference; lastKnownFileType = sourcecode.swift; path = SecondScreenVC.swift; sourceTree = "<group>"; };
		18CD618F29CC51EB00E06CF6 /* ThirdScreenVC.swift */ = {isa = PBXFileReference; lastKnownFileType = sourcecode.swift; path = ThirdScreenVC.swift; sourceTree = "<group>"; };
/* End PBXFileReference section */

/* Begin PBXFrameworksBuildPhase section */
		18CD615029CC36D500E06CF6 /* Frameworks */ = {
			isa = PBXFrameworksBuildPhase;
			buildActionMask = 2147483647;
			files = (
			);
			runOnlyForDeploymentPostprocessing = 0;
		};
		18CD616629CC36D700E06CF6 /* Frameworks */ = {
			isa = PBXFrameworksBuildPhase;
			buildActionMask = 2147483647;
			files = (
			);
			runOnlyForDeploymentPostprocessing = 0;
		};
		18CD617029CC36D700E06CF6 /* Frameworks */ = {
			isa = PBXFrameworksBuildPhase;
			buildActionMask = 2147483647;
			files = (
			);
			runOnlyForDeploymentPostprocessing = 0;
		};
/* End PBXFrameworksBuildPhase section */

/* Begin PBXGroup section */
		18CD614A29CC36D400E06CF6 = {
			isa = PBXGroup;
			children = (
				18CD615529CC36D500E06CF6 /* NewProjectInfo */,
				18CD616C29CC36D700E06CF6 /* NewProjectInfoTests */,
				18CD617629CC36D700E06CF6 /* NewProjectInfoUITests */,
				18CD615429CC36D500E06CF6 /* Products */,
			);
			sourceTree = "<group>";
		};
		18CD615429CC36D500E06CF6 /* Products */ = {
			isa = PBXGroup;
			children = (
				18CD615329CC36D500E06CF6 /* NewProjectInfo.app */,
				18CD616929CC36D700E06CF6 /* NewProjectInfoTests.xctest */,
				18CD617329CC36D700E06CF6 /* NewProjectInfoUITests.xctest */,
			);
			name = Products;
			sourceTree = "<group>";
		};
		18CD615529CC36D500E06CF6 /* NewProjectInfo */ = {
			isa = PBXGroup;
			children = (
				18CD615629CC36D500E06CF6 /* AppDelegate.swift */,
				18CD615829CC36D500E06CF6 /* SceneDelegate.swift */,
				18CD615A29CC36D500E06CF6 /* ViewController.swift */,
				18CD618829CC3CAB00E06CF6 /* DemoVC */,
				18CD615C29CC36D500E06CF6 /* Main.storyboard */,
				18CD615F29CC36D600E06CF6 /* Assets.xcassets */,
				18CD618629CC383200E06CF6 /* Dashboard.storyboard */,
				18CD616129CC36D600E06CF6 /* LaunchScreen.storyboard */,
				18CD616429CC36D600E06CF6 /* Info.plist */,
			);
			path = NewProjectInfo;
			sourceTree = "<group>";
		};
		18CD616C29CC36D700E06CF6 /* NewProjectInfoTests */ = {
			isa = PBXGroup;
			children = (
				18CD616D29CC36D700E06CF6 /* NewProjectInfoTests.swift */,
			);
			path = NewProjectInfoTests;
			sourceTree = "<group>";
		};
		18CD617629CC36D700E06CF6 /* NewProjectInfoUITests */ = {
			isa = PBXGroup;
			children = (
				18CD617729CC36D700E06CF6 /* NewProjectInfoUITests.swift */,
				18CD617929CC36D700E06CF6 /* NewProjectInfoUITestsLaunchTests.swift */,
			);
			path = NewProjectInfoUITests;
			sourceTree = "<group>";
		};
		18CD618829CC3CAB00E06CF6 /* DemoVC */ = {
			isa = PBXGroup;
			children = (
				18CD618929CC3CD700E06CF6 /* HomeScreenVC.swift */,
				18CD618B29CC3D2600E06CF6 /* FirstScreenVC.swift */,
				18CD618D29CC3D3900E06CF6 /* SecondScreenVC.swift */,
				18CD618F29CC51EB00E06CF6 /* ThirdScreenVC.swift */,
			);
			path = DemoVC;
			sourceTree = "<group>";
		};
/* End PBXGroup section */

/* Begin PBXNativeTarget section */
		18CD615229CC36D500E06CF6 /* NewProjectInfo */ = {
			isa = PBXNativeTarget;
			buildConfigurationList = 18CD617D29CC36D700E06CF6 /* Build configuration list for PBXNativeTarget "NewProjectInfo" */;
			buildPhases = (
				18CD614F29CC36D500E06CF6 /* Sources */,
				18CD615029CC36D500E06CF6 /* Frameworks */,
				18CD615129CC36D500E06CF6 /* Resources */,
			);
			buildRules = (
			);
			dependencies = (
			);
			name = NewProjectInfo;
			productName = NewProjectInfo;
			productReference = 18CD615329CC36D500E06CF6 /* NewProjectInfo.app */;
			productType = "com.apple.product-type.application";
		};
		18CD616829CC36D700E06CF6 /* NewProjectInfoTests */ = {
			isa = PBXNativeTarget;
			buildConfigurationList = 18CD618029CC36D700E06CF6 /* Build configuration list for PBXNativeTarget "NewProjectInfoTests" */;
			buildPhases = (
				18CD616529CC36D700E06CF6 /* Sources */,
				18CD616629CC36D700E06CF6 /* Frameworks */,
				18CD616729CC36D700E06CF6 /* Resources */,
			);
			buildRules = (
			);
			dependencies = (
				18CD616B29CC36D700E06CF6 /* PBXTargetDependency */,
			);
			name = NewProjectInfoTests;
			productName = NewProjectInfoTests;
			productReference = 18CD616929CC36D700E06CF6 /* NewProjectInfoTests.xctest */;
			productType = "com.apple.product-type.bundle.unit-test";
		};
		18CD617229CC36D700E06CF6 /* NewProjectInfoUITests */ = {
			isa = PBXNativeTarget;
			buildConfigurationList = 18CD618329CC36D700E06CF6 /* Build configuration list for PBXNativeTarget "NewProjectInfoUITests" */;
			buildPhases = (
				18CD616F29CC36D700E06CF6 /* Sources */,
				18CD617029CC36D700E06CF6 /* Frameworks */,
				18CD617129CC36D700E06CF6 /* Resources */,
			);
			buildRules = (
			);
			dependencies = (
				18CD617529CC36D700E06CF6 /* PBXTargetDependency */,
			);
			name = NewProjectInfoUITests;
			productName = NewProjectInfoUITests;
			productReference = 18CD617329CC36D700E06CF6 /* NewProjectInfoUITests.xctest */;
			productType = "com.apple.product-type.bundle.ui-testing";
		};
/* End PBXNativeTarget section */

/* Begin PBXProject section */
		18CD614B29CC36D400E06CF6 /* Project object */ = {
			isa = PBXProject;
			attributes = {
				BuildIndependentTargetsInParallel = 1;
				LastSwiftUpdateCheck = 1420;
				LastUpgradeCheck = 1420;
				TargetAttributes = {
					18CD615229CC36D500E06CF6 = {
						CreatedOnToolsVersion = 14.2;
					};
					18CD616829CC36D700E06CF6 = {
						CreatedOnToolsVersion = 14.2;
						TestTargetID = 18CD615229CC36D500E06CF6;
					};
					18CD617229CC36D700E06CF6 = {
						CreatedOnToolsVersion = 14.2;
						TestTargetID = 18CD615229CC36D500E06CF6;
					};
				};
			};
			buildConfigurationList = 18CD614E29CC36D400E06CF6 /* Build configuration list for PBXProject "NewProjectInfo" */;
			compatibilityVersion = "Xcode 14.0";
			developmentRegion = en;
			hasScannedForEncodings = 0;
			knownRegions = (
				en,
				Base,
			);
			mainGroup = 18CD614A29CC36D400E06CF6;
			productRefGroup = 18CD615429CC36D500E06CF6 /* Products */;
			projectDirPath = "";
			projectRoot = "";
			targets = (
				18CD615229CC36D500E06CF6 /* NewProjectInfo */,
				18CD616829CC36D700E06CF6 /* NewProjectInfoTests */,
				18CD617229CC36D700E06CF6 /* NewProjectInfoUITests */,
			);
		};
/* End PBXProject section */

/* Begin PBXResourcesBuildPhase section */
		18CD615129CC36D500E06CF6 /* Resources */ = {
			isa = PBXResourcesBuildPhase;
			buildActionMask = 2147483647;
			files = (
				18CD616329CC36D600E06CF6 /* LaunchScreen.storyboard in Resources */,
				18CD616029CC36D600E06CF6 /* Assets.xcassets in Resources */,
				18CD615E29CC36D500E06CF6 /* Main.storyboard in Resources */,
				18CD618729CC383200E06CF6 /* Dashboard.storyboard in Resources */,
			);
			runOnlyForDeploymentPostprocessing = 0;
		};
		18CD616729CC36D700E06CF6 /* Resources */ = {
			isa = PBXResourcesBuildPhase;
			buildActionMask = 2147483647;
			files = (
			);
			runOnlyForDeploymentPostprocessing = 0;
		};
		18CD617129CC36D700E06CF6 /* Resources */ = {
			isa = PBXResourcesBuildPhase;
			buildActionMask = 2147483647;
			files = (
			);
			runOnlyForDeploymentPostprocessing = 0;
		};
/* End PBXResourcesBuildPhase section */

/* Begin PBXSourcesBuildPhase section */
		18CD614F29CC36D500E06CF6 /* Sources */ = {
			isa = PBXSourcesBuildPhase;
			buildActionMask = 2147483647;
			files = (
				18CD615B29CC36D500E06CF6 /* ViewController.swift in Sources */,
				18CD615729CC36D500E06CF6 /* AppDelegate.swift in Sources */,
				18CD618C29CC3D2600E06CF6 /* FirstScreenVC.swift in Sources */,
				18CD619029CC51EB00E06CF6 /* ThirdScreenVC.swift in Sources */,
				18CD615929CC36D500E06CF6 /* SceneDelegate.swift in Sources */,
				18CD618E29CC3D3900E06CF6 /* SecondScreenVC.swift in Sources */,
				18CD618A29CC3CD700E06CF6 /* HomeScreenVC.swift in Sources */,
			);
			runOnlyForDeploymentPostprocessing = 0;
		};
		18CD616529CC36D700E06CF6 /* Sources */ = {
			isa = PBXSourcesBuildPhase;
			buildActionMask = 2147483647;
			files = (
				18CD616E29CC36D700E06CF6 /* NewProjectInfoTests.swift in Sources */,
			);
			runOnlyForDeploymentPostprocessing = 0;
		};
		18CD616F29CC36D700E06CF6 /* Sources */ = {
			isa = PBXSourcesBuildPhase;
			buildActionMask = 2147483647;
			files = (
				18CD617829CC36D700E06CF6 /* NewProjectInfoUITests.swift in Sources */,
				18CD617A29CC36D700E06CF6 /* NewProjectInfoUITestsLaunchTests.swift in Sources */,
			);
			runOnlyForDeploymentPostprocessing = 0;
		};
/* End PBXSourcesBuildPhase section */

/* Begin PBXTargetDependency section */
		18CD616B29CC36D700E06CF6 /* PBXTargetDependency */ = {
			isa = PBXTargetDependency;
			target = 18CD615229CC36D500E06CF6 /* NewProjectInfo */;
			targetProxy = 18CD616A29CC36D700E06CF6 /* PBXContainerItemProxy */;
		};
		18CD617529CC36D700E06CF6 /* PBXTargetDependency */ = {
			isa = PBXTargetDependency;
			target = 18CD615229CC36D500E06CF6 /* NewProjectInfo */;
			targetProxy = 18CD617429CC36D700E06CF6 /* PBXContainerItemProxy */;
		};
/* End PBXTargetDependency section */

/* Begin PBXVariantGroup section */
		18CD615C29CC36D500E06CF6 /* Main.storyboard */ = {
			isa = PBXVariantGroup;
			children = (
				18CD615D29CC36D500E06CF6 /* Base */,
			);
			name = Main.storyboard;
			sourceTree = "<group>";
		};
		18CD616129CC36D600E06CF6 /* LaunchScreen.storyboard */ = {
			isa = PBXVariantGroup;
			children = (
				18CD616229CC36D600E06CF6 /* Base */,
			);
			name = LaunchScreen.storyboard;
			sourceTree = "<group>";
		};
/* End PBXVariantGroup section */

/* Begin XCBuildConfiguration section */
		18CD617B29CC36D700E06CF6 /* Debug */ = {
			isa = XCBuildConfiguration;
			buildSettings = {
				ALWAYS_SEARCH_USER_PATHS = NO;
				CLANG_ANALYZER_NONNULL = YES;
				CLANG_ANALYZER_NUMBER_OBJECT_CONVERSION = YES_AGGRESSIVE;
				CLANG_CXX_LANGUAGE_STANDARD = "gnu++20";
				CLANG_ENABLE_MODULES = YES;
				CLANG_ENABLE_OBJC_ARC = YES;
				CLANG_ENABLE_OBJC_WEAK = YES;
				CLANG_WARN_BLOCK_CAPTURE_AUTORELEASING = YES;
				CLANG_WARN_BOOL_CONVERSION = YES;
				CLANG_WARN_COMMA = YES;
				CLANG_WARN_CONSTANT_CONVERSION = YES;
				CLANG_WARN_DEPRECATED_OBJC_IMPLEMENTATIONS = YES;
				CLANG_WARN_DIRECT_OBJC_ISA_USAGE = YES_ERROR;
				CLANG_WARN_DOCUMENTATION_COMMENTS = YES;
				CLANG_WARN_EMPTY_BODY = YES;
				CLANG_WARN_ENUM_CONVERSION = YES;
				CLANG_WARN_INFINITE_RECURSION = YES;
				CLANG_WARN_INT_CONVERSION = YES;
				CLANG_WARN_NON_LITERAL_NULL_CONVERSION = YES;
				CLANG_WARN_OBJC_IMPLICIT_RETAIN_SELF = YES;
				CLANG_WARN_OBJC_LITERAL_CONVERSION = YES;
				CLANG_WARN_OBJC_ROOT_CLASS = YES_ERROR;
				CLANG_WARN_QUOTED_INCLUDE_IN_FRAMEWORK_HEADER = YES;
				CLANG_WARN_RANGE_LOOP_ANALYSIS = YES;
				CLANG_WARN_STRICT_PROTOTYPES = YES;
				CLANG_WARN_SUSPICIOUS_MOVE = YES;
				CLANG_WARN_UNGUARDED_AVAILABILITY = YES_AGGRESSIVE;
				CLANG_WARN_UNREACHABLE_CODE = YES;
				CLANG_WARN__DUPLICATE_METHOD_MATCH = YES;
				COPY_PHASE_STRIP = NO;
				DEBUG_INFORMATION_FORMAT = dwarf;
				ENABLE_STRICT_OBJC_MSGSEND = YES;
				ENABLE_TESTABILITY = YES;
				GCC_C_LANGUAGE_STANDARD = gnu11;
				GCC_DYNAMIC_NO_PIC = NO;
				GCC_NO_COMMON_BLOCKS = YES;
				GCC_OPTIMIZATION_LEVEL = 0;
				GCC_PREPROCESSOR_DEFINITIONS = (
					"DEBUG=1",
					"$(inherited)",
				);
				GCC_WARN_64_TO_32_BIT_CONVERSION = YES;
				GCC_WARN_ABOUT_RETURN_TYPE = YES_ERROR;
				GCC_WARN_UNDECLARED_SELECTOR = YES;
				GCC_WARN_UNINITIALIZED_AUTOS = YES_AGGRESSIVE;
				GCC_WARN_UNUSED_FUNCTION = YES;
				GCC_WARN_UNUSED_VARIABLE = YES;
				IPHONEOS_DEPLOYMENT_TARGET = 16.2;
				MTL_ENABLE_DEBUG_INFO = INCLUDE_SOURCE;
				MTL_FAST_MATH = YES;
				ONLY_ACTIVE_ARCH = YES;
				SDKROOT = iphoneos;
				SWIFT_ACTIVE_COMPILATION_CONDITIONS = DEBUG;
				SWIFT_OPTIMIZATION_LEVEL = "-Onone";
			};
			name = Debug;
		};
		18CD617C29CC36D700E06CF6 /* Release */ = {
			isa = XCBuildConfiguration;
			buildSettings = {
				ALWAYS_SEARCH_USER_PATHS = NO;
				CLANG_ANALYZER_NONNULL = YES;
				CLANG_ANALYZER_NUMBER_OBJECT_CONVERSION = YES_AGGRESSIVE;
				CLANG_CXX_LANGUAGE_STANDARD = "gnu++20";
				CLANG_ENABLE_MODULES = YES;
				CLANG_ENABLE_OBJC_ARC = YES;
				CLANG_ENABLE_OBJC_WEAK = YES;
				CLANG_WARN_BLOCK_CAPTURE_AUTORELEASING = YES;
				CLANG_WARN_BOOL_CONVERSION = YES;
				CLANG_WARN_COMMA = YES;
				CLANG_WARN_CONSTANT_CONVERSION = YES;
				CLANG_WARN_DEPRECATED_OBJC_IMPLEMENTATIONS = YES;
				CLANG_WARN_DIRECT_OBJC_ISA_USAGE = YES_ERROR;
				CLANG_WARN_DOCUMENTATION_COMMENTS = YES;
				CLANG_WARN_EMPTY_BODY = YES;
				CLANG_WARN_ENUM_CONVERSION = YES;
				CLANG_WARN_INFINITE_RECURSION = YES;
				CLANG_WARN_INT_CONVERSION = YES;
				CLANG_WARN_NON_LITERAL_NULL_CONVERSION = YES;
				CLANG_WARN_OBJC_IMPLICIT_RETAIN_SELF = YES;
				CLANG_WARN_OBJC_LITERAL_CONVERSION = YES;
				CLANG_WARN_OBJC_ROOT_CLASS = YES_ERROR;
				CLANG_WARN_QUOTED_INCLUDE_IN_FRAMEWORK_HEADER = YES;
				CLANG_WARN_RANGE_LOOP_ANALYSIS = YES;
				CLANG_WARN_STRICT_PROTOTYPES = YES;
				CLANG_WARN_SUSPICIOUS_MOVE = YES;
				CLANG_WARN_UNGUARDED_AVAILABILITY = YES_AGGRESSIVE;
				CLANG_WARN_UNREACHABLE_CODE = YES;
				CLANG_WARN__DUPLICATE_METHOD_MATCH = YES;
				COPY_PHASE_STRIP = NO;
				DEBUG_INFORMATION_FORMAT = "dwarf-with-dsym";
				ENABLE_NS_ASSERTIONS = NO;
				ENABLE_STRICT_OBJC_MSGSEND = YES;
				GCC_C_LANGUAGE_STANDARD = gnu11;
				GCC_NO_COMMON_BLOCKS = YES;
				GCC_WARN_64_TO_32_BIT_CONVERSION = YES;
				GCC_WARN_ABOUT_RETURN_TYPE = YES_ERROR;
				GCC_WARN_UNDECLARED_SELECTOR = YES;
				GCC_WARN_UNINITIALIZED_AUTOS = YES_AGGRESSIVE;
				GCC_WARN_UNUSED_FUNCTION = YES;
				GCC_WARN_UNUSED_VARIABLE = YES;
				IPHONEOS_DEPLOYMENT_TARGET = 16.2;
				MTL_ENABLE_DEBUG_INFO = NO;
				MTL_FAST_MATH = YES;
				SDKROOT = iphoneos;
				SWIFT_COMPILATION_MODE = wholemodule;
				SWIFT_OPTIMIZATION_LEVEL = "-O";
				VALIDATE_PRODUCT = YES;
			};
			name = Release;
		};
		18CD617E29CC36D700E06CF6 /* Debug */ = {
			isa = XCBuildConfiguration;
			buildSettings = {
				ASSETCATALOG_COMPILER_APPICON_NAME = AppIcon;
				ASSETCATALOG_COMPILER_GLOBAL_ACCENT_COLOR_NAME = AccentColor;
				CODE_SIGN_STYLE = Automatic;
				CURRENT_PROJECT_VERSION = 1;
				DEVELOPMENT_TEAM = 7HH5GYQGMB;
				GENERATE_INFOPLIST_FILE = YES;
				INFOPLIST_FILE = NewProjectInfo/Info.plist;
				INFOPLIST_KEY_UIApplicationSupportsIndirectInputEvents = YES;
				INFOPLIST_KEY_UILaunchStoryboardName = LaunchScreen;
				INFOPLIST_KEY_UIMainStoryboardFile = Main;
				INFOPLIST_KEY_UISupportedInterfaceOrientations_iPad = "UIInterfaceOrientationPortrait UIInterfaceOrientationPortraitUpsideDown UIInterfaceOrientationLandscapeLeft UIInterfaceOrientationLandscapeRight";
				INFOPLIST_KEY_UISupportedInterfaceOrientations_iPhone = "UIInterfaceOrientationPortrait UIInterfaceOrientationLandscapeLeft UIInterfaceOrientationLandscapeRight";
				LD_RUNPATH_SEARCH_PATHS = (
					"$(inherited)",
					"@executable_path/Frameworks",
				);
				MARKETING_VERSION = 1.0;
				PRODUCT_BUNDLE_IDENTIFIER = teams.NewProjectInfo;
				PRODUCT_NAME = "$(TARGET_NAME)";
				SWIFT_EMIT_LOC_STRINGS = YES;
				SWIFT_VERSION = 5.0;
				TARGETED_DEVICE_FAMILY = "1,2";
			};
			name = Debug;
		};
		18CD617F29CC36D700E06CF6 /* Release */ = {
			isa = XCBuildConfiguration;
			buildSettings = {
				ASSETCATALOG_COMPILER_APPICON_NAME = AppIcon;
				ASSETCATALOG_COMPILER_GLOBAL_ACCENT_COLOR_NAME = AccentColor;
				CODE_SIGN_STYLE = Automatic;
				CURRENT_PROJECT_VERSION = 1;
				DEVELOPMENT_TEAM = 7HH5GYQGMB;
				GENERATE_INFOPLIST_FILE = YES;
				INFOPLIST_FILE = NewProjectInfo/Info.plist;
				INFOPLIST_KEY_UIApplicationSupportsIndirectInputEvents = YES;
				INFOPLIST_KEY_UILaunchStoryboardName = LaunchScreen;
				INFOPLIST_KEY_UIMainStoryboardFile = Main;
				INFOPLIST_KEY_UISupportedInterfaceOrientations_iPad = "UIInterfaceOrientationPortrait UIInterfaceOrientationPortraitUpsideDown UIInterfaceOrientationLandscapeLeft UIInterfaceOrientationLandscapeRight";
				INFOPLIST_KEY_UISupportedInterfaceOrientations_iPhone = "UIInterfaceOrientationPortrait UIInterfaceOrientationLandscapeLeft UIInterfaceOrientationLandscapeRight";
				LD_RUNPATH_SEARCH_PATHS = (
					"$(inherited)",
					"@executable_path/Frameworks",
				);
				MARKETING_VERSION = 1.0;
				PRODUCT_BUNDLE_IDENTIFIER = teams.NewProjectInfo;
				PRODUCT_NAME = "$(TARGET_NAME)";
				SWIFT_EMIT_LOC_STRINGS = YES;
				SWIFT_VERSION = 5.0;
				TARGETED_DEVICE_FAMILY = "1,2";
			};
			name = Release;
		};
		18CD618129CC36D700E06CF6 /* Debug */ = {
			isa = XCBuildConfiguration;
			buildSettings = {
				ALWAYS_EMBED_SWIFT_STANDARD_LIBRARIES = YES;
				BUNDLE_LOADER = "$(TEST_HOST)";
				CODE_SIGN_STYLE = Automatic;
				CURRENT_PROJECT_VERSION = 1;
				DEVELOPMENT_TEAM = 7HH5GYQGMB;
				GENERATE_INFOPLIST_FILE = YES;
				IPHONEOS_DEPLOYMENT_TARGET = 16.2;
				MARKETING_VERSION = 1.0;
				PRODUCT_BUNDLE_IDENTIFIER = teams.NewProjectInfoTests;
				PRODUCT_NAME = "$(TARGET_NAME)";
				SWIFT_EMIT_LOC_STRINGS = NO;
				SWIFT_VERSION = 5.0;
				TARGETED_DEVICE_FAMILY = "1,2";
				TEST_HOST = "$(BUILT_PRODUCTS_DIR)/NewProjectInfo.app/$(BUNDLE_EXECUTABLE_FOLDER_PATH)/NewProjectInfo";
			};
			name = Debug;
		};
		18CD618229CC36D700E06CF6 /* Release */ = {
			isa = XCBuildConfiguration;
			buildSettings = {
				ALWAYS_EMBED_SWIFT_STANDARD_LIBRARIES = YES;
				BUNDLE_LOADER = "$(TEST_HOST)";
				CODE_SIGN_STYLE = Automatic;
				CURRENT_PROJECT_VERSION = 1;
				DEVELOPMENT_TEAM = 7HH5GYQGMB;
				GENERATE_INFOPLIST_FILE = YES;
				IPHONEOS_DEPLOYMENT_TARGET = 16.2;
				MARKETING_VERSION = 1.0;
				PRODUCT_BUNDLE_IDENTIFIER = teams.NewProjectInfoTests;
				PRODUCT_NAME = "$(TARGET_NAME)";
				SWIFT_EMIT_LOC_STRINGS = NO;
				SWIFT_VERSION = 5.0;
				TARGETED_DEVICE_FAMILY = "1,2";
				TEST_HOST = "$(BUILT_PRODUCTS_DIR)/NewProjectInfo.app/$(BUNDLE_EXECUTABLE_FOLDER_PATH)/NewProjectInfo";
			};
			name = Release;
		};
		18CD618429CC36D700E06CF6 /* Debug */ = {
			isa = XCBuildConfiguration;
			buildSettings = {
				ALWAYS_EMBED_SWIFT_STANDARD_LIBRARIES = YES;
				CODE_SIGN_STYLE = Automatic;
				CURRENT_PROJECT_VERSION = 1;
				DEVELOPMENT_TEAM = 7HH5GYQGMB;
				GENERATE_INFOPLIST_FILE = YES;
				MARKETING_VERSION = 1.0;
				PRODUCT_BUNDLE_IDENTIFIER = teams.NewProjectInfoUITests;
				PRODUCT_NAME = "$(TARGET_NAME)";
				SWIFT_EMIT_LOC_STRINGS = NO;
				SWIFT_VERSION = 5.0;
				TARGETED_DEVICE_FAMILY = "1,2";
				TEST_TARGET_NAME = NewProjectInfo;
			};
			name = Debug;
		};
		18CD618529CC36D700E06CF6 /* Release */ = {
			isa = XCBuildConfiguration;
			buildSettings = {
				ALWAYS_EMBED_SWIFT_STANDARD_LIBRARIES = YES;
				CODE_SIGN_STYLE = Automatic;
				CURRENT_PROJECT_VERSION = 1;
				DEVELOPMENT_TEAM = 7HH5GYQGMB;
				GENERATE_INFOPLIST_FILE = YES;
				MARKETING_VERSION = 1.0;
				PRODUCT_BUNDLE_IDENTIFIER = teams.NewProjectInfoUITests;
				PRODUCT_NAME = "$(TARGET_NAME)";
				SWIFT_EMIT_LOC_STRINGS = NO;
				SWIFT_VERSION = 5.0;
				TARGETED_DEVICE_FAMILY = "1,2";
				TEST_TARGET_NAME = NewProjectInfo;
			};
			name = Release;
		};
/* End XCBuildConfiguration section */

/* Begin XCConfigurationList section */
		18CD614E29CC36D400E06CF6 /* Build configuration list for PBXProject "NewProjectInfo" */ = {
			isa = XCConfigurationList;
			buildConfigurations = (
				18CD617B29CC36D700E06CF6 /* Debug */,
				18CD617C29CC36D700E06CF6 /* Release */,
			);
			defaultConfigurationIsVisible = 0;
			defaultConfigurationName = Release;
		};
		18CD617D29CC36D700E06CF6 /* Build configuration list for PBXNativeTarget "NewProjectInfo" */ = {
			isa = XCConfigurationList;
			buildConfigurations = (
				18CD617E29CC36D700E06CF6 /* Debug */,
				18CD617F29CC36D700E06CF6 /* Release */,
			);
			defaultConfigurationIsVisible = 0;
			defaultConfigurationName = Release;
		};
		18CD618029CC36D700E06CF6 /* Build configuration list for PBXNativeTarget "NewProjectInfoTests" */ = {
			isa = XCConfigurationList;
			buildConfigurations = (
				18CD618129CC36D700E06CF6 /* Debug */,
				18CD618229CC36D700E06CF6 /* Release */,
			);
			defaultConfigurationIsVisible = 0;
			defaultConfigurationName = Release;
		};
		18CD618329CC36D700E06CF6 /* Build configuration list for PBXNativeTarget "NewProjectInfoUITests" */ = {
			isa = XCConfigurationList;
			buildConfigurations = (
				18CD618429CC36D700E06CF6 /* Debug */,
				18CD618529CC36D700E06CF6 /* Release */,
			);
			defaultConfigurationIsVisible = 0;
			defaultConfigurationName = Release;
		};
/* End XCConfigurationList section */
	};
	rootObject = 18CD614B29CC36D400E06CF6 /* Project object */;
}
